
Microsoft Visual Studio Solution File, Format Version 12.00
# Visual Studio Version 17
VisualStudioVersion = 17.10.35013.160
MinimumVisualStudioVersion = 10.0.40219.1
Project("{FAE04EC0-301F-11D3-BF4B-00C04F79EFBC}") = "alarm system", "alarm system\alarm system.csproj", "{CAAA41A7-CE7F-44DE-AE06-18A5418A6061}"
EndProject
Global
	GlobalSection(SolutionConfigurationPlatforms) = preSolution
		Debug|Any CPU = Debug|Any CPU
		Release|Any CPU = Release|Any CPU
	EndGlobalSection
	GlobalSection(ProjectConfigurationPlatforms) = postSolution
		{CAAA41A7-CE7F-44DE-AE06-18A5418A6061}.Debug|Any CPU.ActiveCfg = Debug|Any CPU
		{CAAA41A7-CE7F-44DE-AE06-18A5418A6061}.Debug|Any CPU.Build.0 = Debug|Any CPU
		{CAAA41A7-CE7F-44DE-AE06-18A5418A6061}.Release|Any CPU.ActiveCfg = Release|Any CPU
		{CAAA41A7-CE7F-44DE-AE06-18A5418A6061}.Release|Any CPU.Build.0 = Release|Any CPU
	EndGlobalSection
	GlobalSection(SolutionProperties) = preSolution
		HideSolutionNode = FALSE
	EndGlobalSection
	GlobalSection(ExtensibilityGlobals) = postSolution
		SolutionGuid = {62EC489F-9BEF-4EB2-A356-4649DC7E3D8D}
	EndGlobalSection
EndGlobal
