
Microsoft Visual Studio Solution File, Format Version 12.00
# Visual Studio Version 17
VisualStudioVersion = 17.10.35013.160
MinimumVisualStudioVersion = 10.0.40219.1
Project("{FAE04EC0-301F-11D3-BF4B-00C04F79EFBC}") = "DTUDemo", "DTUDemo\DTUDemo.csproj", "{1B1DA641-9B0D-4287-86D5-A0AF59FE1D03}"
EndProject
Project("{FAE04EC0-301F-11D3-BF4B-00C04F79EFBC}") = "mqttDemo", "mqttDemo\mqttDemo.csproj", "{A11869AC-4CA4-44BC-A74A-16B40785E225}"
EndProject
Project("{FAE04EC0-301F-11D3-BF4B-00C04F79EFBC}") = "Plc", "Plc\Plc.csproj", "{ABF8BA0E-C2F1-4B14-B462-07BBF1A2FB57}"
EndProject
Project("{FAE04EC0-301F-11D3-BF4B-00C04F79EFBC}") = "OPCDemo", "OPCDemo\OPCDemo.csproj", "{DD93E922-09B0-42A9-AA41-090E5C02513E}"
EndProject
Global
	GlobalSection(SolutionConfigurationPlatforms) = preSolution
		Debug|Any CPU = Debug|Any CPU
		Release|Any CPU = Release|Any CPU
	EndGlobalSection
	GlobalSection(ProjectConfigurationPlatforms) = postSolution
		{1B1DA641-9B0D-4287-86D5-A0AF59FE1D03}.Debug|Any CPU.ActiveCfg = Debug|Any CPU
		{1B1DA641-9B0D-4287-86D5-A0AF59FE1D03}.Debug|Any CPU.Build.0 = Debug|Any CPU
		{1B1DA641-9B0D-4287-86D5-A0AF59FE1D03}.Release|Any CPU.ActiveCfg = Release|Any CPU
		{1B1DA641-9B0D-4287-86D5-A0AF59FE1D03}.Release|Any CPU.Build.0 = Release|Any CPU
		{A11869AC-4CA4-44BC-A74A-16B40785E225}.Debug|Any CPU.ActiveCfg = Debug|Any CPU
		{A11869AC-4CA4-44BC-A74A-16B40785E225}.Debug|Any CPU.Build.0 = Debug|Any CPU
		{A11869AC-4CA4-44BC-A74A-16B40785E225}.Release|Any CPU.ActiveCfg = Release|Any CPU
		{A11869AC-4CA4-44BC-A74A-16B40785E225}.Release|Any CPU.Build.0 = Release|Any CPU
		{ABF8BA0E-C2F1-4B14-B462-07BBF1A2FB57}.Debug|Any CPU.ActiveCfg = Debug|Any CPU
		{ABF8BA0E-C2F1-4B14-B462-07BBF1A2FB57}.Debug|Any CPU.Build.0 = Debug|Any CPU
		{ABF8BA0E-C2F1-4B14-B462-07BBF1A2FB57}.Release|Any CPU.ActiveCfg = Release|Any CPU
		{ABF8BA0E-C2F1-4B14-B462-07BBF1A2FB57}.Release|Any CPU.Build.0 = Release|Any CPU
		{DD93E922-09B0-42A9-AA41-090E5C02513E}.Debug|Any CPU.ActiveCfg = Debug|Any CPU
		{DD93E922-09B0-42A9-AA41-090E5C02513E}.Debug|Any CPU.Build.0 = Debug|Any CPU
		{DD93E922-09B0-42A9-AA41-090E5C02513E}.Release|Any CPU.ActiveCfg = Release|Any CPU
		{DD93E922-09B0-42A9-AA41-090E5C02513E}.Release|Any CPU.Build.0 = Release|Any CPU
	EndGlobalSection
	GlobalSection(SolutionProperties) = preSolution
		HideSolutionNode = FALSE
	EndGlobalSection
	GlobalSection(ExtensibilityGlobals) = postSolution
		SolutionGuid = {A539D82C-E65F-480E-9359-DE83683E3335}
	EndGlobalSection
EndGlobal
