
Microsoft Visual Studio Solution File, Format Version 12.00
# Visual Studio Version 17
VisualStudioVersion = 17.7.34202.233
MinimumVisualStudioVersion = 10.0.40219.1
Project("{FAE04EC0-301F-11D3-BF4B-00C04F79EFBC}") = "串口实例", "串口实例\串口实例.csproj", "{6736AD64-DDF4-4D71-9703-3E4B2D8F9A6A}"
EndProject
Project("{FAE04EC0-301F-11D3-BF4B-00C04F79EFBC}") = "扫码支付", "..\支付宝支付\扫码支付\扫码支付.csproj", "{13D51C7A-BB5D-42E7-AAF6-71FF6D0375FA}"
EndProject
Project("{FAE04EC0-301F-11D3-BF4B-00C04F79EFBC}") = "温湿度传感器", "温湿度传感器\温湿度传感器.csproj", "{D2EC6900-1AC0-4772-A9A2-8C72655C187B}"
EndProject
Project("{FAE04EC0-301F-11D3-BF4B-00C04F79EFBC}") = "环境监测", "环境监测\环境监测.csproj", "{10F8A08E-F55D-44DE-A145-1290C7BB47FA}"
EndProject
Project("{FAE04EC0-301F-11D3-BF4B-00C04F79EFBC}") = "警报器", "警报器\警报器.csproj", "{B58F7D6A-6FE7-48B0-89A4-A5C8E8082A41}"
EndProject
Project("{FAE04EC0-301F-11D3-BF4B-00C04F79EFBC}") = "测试", "测试\测试.csproj", "{E546A78A-4509-4C40-856A-A976BAC749C6}"
EndProject
Project("{FAE04EC0-301F-11D3-BF4B-00C04F79EFBC}") = "报警器调试工具", "报警器调试工具\报警器调试工具.csproj", "{E8458B16-3C55-4EF2-96D9-C76F3E3743FB}"
EndProject
Global
	GlobalSection(SolutionConfigurationPlatforms) = preSolution
		Debug|Any CPU = Debug|Any CPU
		Release|Any CPU = Release|Any CPU
	EndGlobalSection
	GlobalSection(ProjectConfigurationPlatforms) = postSolution
		{6736AD64-DDF4-4D71-9703-3E4B2D8F9A6A}.Debug|Any CPU.ActiveCfg = Debug|Any CPU
		{6736AD64-DDF4-4D71-9703-3E4B2D8F9A6A}.Debug|Any CPU.Build.0 = Debug|Any CPU
		{6736AD64-DDF4-4D71-9703-3E4B2D8F9A6A}.Release|Any CPU.ActiveCfg = Release|Any CPU
		{6736AD64-DDF4-4D71-9703-3E4B2D8F9A6A}.Release|Any CPU.Build.0 = Release|Any CPU
		{13D51C7A-BB5D-42E7-AAF6-71FF6D0375FA}.Debug|Any CPU.ActiveCfg = Debug|Any CPU
		{13D51C7A-BB5D-42E7-AAF6-71FF6D0375FA}.Debug|Any CPU.Build.0 = Debug|Any CPU
		{13D51C7A-BB5D-42E7-AAF6-71FF6D0375FA}.Release|Any CPU.ActiveCfg = Release|Any CPU
		{13D51C7A-BB5D-42E7-AAF6-71FF6D0375FA}.Release|Any CPU.Build.0 = Release|Any CPU
		{D2EC6900-1AC0-4772-A9A2-8C72655C187B}.Debug|Any CPU.ActiveCfg = Debug|Any CPU
		{D2EC6900-1AC0-4772-A9A2-8C72655C187B}.Debug|Any CPU.Build.0 = Debug|Any CPU
		{D2EC6900-1AC0-4772-A9A2-8C72655C187B}.Release|Any CPU.ActiveCfg = Release|Any CPU
		{D2EC6900-1AC0-4772-A9A2-8C72655C187B}.Release|Any CPU.Build.0 = Release|Any CPU
		{10F8A08E-F55D-44DE-A145-1290C7BB47FA}.Debug|Any CPU.ActiveCfg = Debug|Any CPU
		{10F8A08E-F55D-44DE-A145-1290C7BB47FA}.Debug|Any CPU.Build.0 = Debug|Any CPU
		{10F8A08E-F55D-44DE-A145-1290C7BB47FA}.Release|Any CPU.ActiveCfg = Release|Any CPU
		{10F8A08E-F55D-44DE-A145-1290C7BB47FA}.Release|Any CPU.Build.0 = Release|Any CPU
		{B58F7D6A-6FE7-48B0-89A4-A5C8E8082A41}.Debug|Any CPU.ActiveCfg = Debug|Any CPU
		{B58F7D6A-6FE7-48B0-89A4-A5C8E8082A41}.Debug|Any CPU.Build.0 = Debug|Any CPU
		{B58F7D6A-6FE7-48B0-89A4-A5C8E8082A41}.Release|Any CPU.ActiveCfg = Release|Any CPU
		{B58F7D6A-6FE7-48B0-89A4-A5C8E8082A41}.Release|Any CPU.Build.0 = Release|Any CPU
		{E546A78A-4509-4C40-856A-A976BAC749C6}.Debug|Any CPU.ActiveCfg = Debug|Any CPU
		{E546A78A-4509-4C40-856A-A976BAC749C6}.Debug|Any CPU.Build.0 = Debug|Any CPU
		{E546A78A-4509-4C40-856A-A976BAC749C6}.Release|Any CPU.ActiveCfg = Release|Any CPU
		{E546A78A-4509-4C40-856A-A976BAC749C6}.Release|Any CPU.Build.0 = Release|Any CPU
		{E8458B16-3C55-4EF2-96D9-C76F3E3743FB}.Debug|Any CPU.ActiveCfg = Debug|Any CPU
		{E8458B16-3C55-4EF2-96D9-C76F3E3743FB}.Debug|Any CPU.Build.0 = Debug|Any CPU
		{E8458B16-3C55-4EF2-96D9-C76F3E3743FB}.Release|Any CPU.ActiveCfg = Release|Any CPU
		{E8458B16-3C55-4EF2-96D9-C76F3E3743FB}.Release|Any CPU.Build.0 = Release|Any CPU
	EndGlobalSection
	GlobalSection(SolutionProperties) = preSolution
		HideSolutionNode = FALSE
	EndGlobalSection
	GlobalSection(ExtensibilityGlobals) = postSolution
		SolutionGuid = {EF8CC65B-D4D3-46E4-B316-8093D6A22A7A}
	EndGlobalSection
EndGlobal
