
Microsoft Visual Studio Solution File, Format Version 12.00
# Visual Studio Version 17
VisualStudioVersion = 17.10.35013.160
MinimumVisualStudioVersion = 10.0.40219.1
Project("{FAE04EC0-301F-11D3-BF4B-00C04F79EFBC}") = "ChartSever", "ChartSever\ChartSever.csproj", "{5C3953D1-BF13-4CC7-805F-D4751317E90B}"
EndProject
Project("{FAE04EC0-301F-11D3-BF4B-00C04F79EFBC}") = "ChartCommon", "ChartCommon\ChartCommon.csproj", "{DDD3B980-58D0-4E53-9776-57AB63F30BF1}"
EndProject
Project("{FAE04EC0-301F-11D3-BF4B-00C04F79EFBC}") = "ChartClient", "ChartClient\ChartClient.csproj", "{60E5B9D0-48F9-42B1-84DD-8117B0764C99}"
EndProject
Global
	GlobalSection(SolutionConfigurationPlatforms) = preSolution
		Debug|Any CPU = Debug|Any CPU
		Release|Any CPU = Release|Any CPU
	EndGlobalSection
	GlobalSection(ProjectConfigurationPlatforms) = postSolution
		{5C3953D1-BF13-4CC7-805F-D4751317E90B}.Debug|Any CPU.ActiveCfg = Debug|Any CPU
		{5C3953D1-BF13-4CC7-805F-D4751317E90B}.Debug|Any CPU.Build.0 = Debug|Any CPU
		{5C3953D1-BF13-4CC7-805F-D4751317E90B}.Release|Any CPU.ActiveCfg = Release|Any CPU
		{5C3953D1-BF13-4CC7-805F-D4751317E90B}.Release|Any CPU.Build.0 = Release|Any CPU
		{DDD3B980-58D0-4E53-9776-57AB63F30BF1}.Debug|Any CPU.ActiveCfg = Debug|Any CPU
		{DDD3B980-58D0-4E53-9776-57AB63F30BF1}.Debug|Any CPU.Build.0 = Debug|Any CPU
		{DDD3B980-58D0-4E53-9776-57AB63F30BF1}.Release|Any CPU.ActiveCfg = Release|Any CPU
		{DDD3B980-58D0-4E53-9776-57AB63F30BF1}.Release|Any CPU.Build.0 = Release|Any CPU
		{60E5B9D0-48F9-42B1-84DD-8117B0764C99}.Debug|Any CPU.ActiveCfg = Debug|Any CPU
		{60E5B9D0-48F9-42B1-84DD-8117B0764C99}.Debug|Any CPU.Build.0 = Debug|Any CPU
		{60E5B9D0-48F9-42B1-84DD-8117B0764C99}.Release|Any CPU.ActiveCfg = Release|Any CPU
		{60E5B9D0-48F9-42B1-84DD-8117B0764C99}.Release|Any CPU.Build.0 = Release|Any CPU
	EndGlobalSection
	GlobalSection(SolutionProperties) = preSolution
		HideSolutionNode = FALSE
	EndGlobalSection
	GlobalSection(ExtensibilityGlobals) = postSolution
		SolutionGuid = {0D59B865-FFBC-4C28-AF8F-9DD7DF1565C7}
	EndGlobalSection
EndGlobal
