
Microsoft Visual Studio Solution File, Format Version 12.00
# Visual Studio Version 17
VisualStudioVersion = 17.10.35013.160
MinimumVisualStudioVersion = 10.0.40219.1
Project("{FAE04EC0-301F-11D3-BF4B-00C04F79EFBC}") = "Alarmsystem", "Alarmsystem\Alarmsystem.csproj", "{EF377E60-BB56-4189-861F-B7CAAAB7E1E5}"
EndProject
Global
	GlobalSection(SolutionConfigurationPlatforms) = preSolution
		Debug|Any CPU = Debug|Any CPU
		Release|Any CPU = Release|Any CPU
	EndGlobalSection
	GlobalSection(ProjectConfigurationPlatforms) = postSolution
		{EF377E60-BB56-4189-861F-B7CAAAB7E1E5}.Debug|Any CPU.ActiveCfg = Debug|Any CPU
		{EF377E60-BB56-4189-861F-B7CAAAB7E1E5}.Debug|Any CPU.Build.0 = Debug|Any CPU
		{EF377E60-BB56-4189-861F-B7CAAAB7E1E5}.Release|Any CPU.ActiveCfg = Release|Any CPU
		{EF377E60-BB56-4189-861F-B7CAAAB7E1E5}.Release|Any CPU.Build.0 = Release|Any CPU
	EndGlobalSection
	GlobalSection(SolutionProperties) = preSolution
		HideSolutionNode = FALSE
	EndGlobalSection
	GlobalSection(ExtensibilityGlobals) = postSolution
		SolutionGuid = {8CC8DF68-0336-47CD-BFFE-147C3196ECF7}
	EndGlobalSection
EndGlobal
